
Microsoft Visual Studio Solution File, Format Version 12.00
# Visual Studio Version 16
VisualStudioVersion = 16.0.29009.5
MinimumVisualStudioVersion = 10.0.40219.1
Project("{FAE04EC0-301F-11D3-BF4B-00C04F79EFBC}") = "BOU2", "BOU2\BOU2.csproj", "{2539B68A-3734-4FC4-B78A-2883E1E89655}"
EndProject
Global
	GlobalSection(SolutionConfigurationPlatforms) = preSolution
		Debug|Any CPU = Debug|Any CPU
		Release|Any CPU = Release|Any CPU
	EndGlobalSection
	GlobalSection(ProjectConfigurationPlatforms) = postSolution
		{2539B68A-3734-4FC4-B78A-2883E1E89655}.Debug|Any CPU.ActiveCfg = Debug|Any CPU
		{2539B68A-3734-4FC4-B78A-2883E1E89655}.Debug|Any CPU.Build.0 = Debug|Any CPU
		{2539B68A-3734-4FC4-B78A-2883E1E89655}.Release|Any CPU.ActiveCfg = Release|Any CPU
		{2539B68A-3734-4FC4-B78A-2883E1E89655}.Release|Any CPU.Build.0 = Release|Any CPU
	EndGlobalSection
	GlobalSection(SolutionProperties) = preSolution
		HideSolutionNode = FALSE
	EndGlobalSection
	GlobalSection(ExtensibilityGlobals) = postSolution
		SolutionGuid = {236814EA-9235-47F5-9D09-60D5EEAF430F}
	EndGlobalSection
EndGlobal
